// !$*UTF8*$!
{
	archiveVersion = 1;
	classes = {
	};
	objectVersion = 46;
	objects = {

/* Begin PBXBuildFile section */
		6CC65B04AD70EF59F7BAC2E3 /* libPods-Worth.a in Frameworks */ = {isa = PBXBuildFile; fileRef = 54346F1126EA562A4F56D3BE /* libPods-Worth.a */; };
		CD2871001AB4BEC4005CED9A /* WorthMoneyTextView.m in Sources */ = {isa = PBXBuildFile; fileRef = CD2870FF1AB4BEC4005CED9A /* WorthMoneyTextView.m */; };
		CD2871021AB4BECF005CED9A /* WorthMoneyTextView.xib in Resources */ = {isa = PBXBuildFile; fileRef = CD2871011AB4BECF005CED9A /* WorthMoneyTextView.xib */; };
		CD28710F1AB4D343005CED9A /* WorthUserHomeViewController.m in Sources */ = {isa = PBXBuildFile; fileRef = CD28710E1AB4D343005CED9A /* WorthUserHomeViewController.m */; };
		CD2871131AB4DFF8005CED9A /* UIColor+WorthStyle.m in Sources */ = {isa = PBXBuildFile; fileRef = CD2871121AB4DFF8005CED9A /* UIColor+WorthStyle.m */; };
		CD2871161AB4E446005CED9A /* UIFont+WorthStyle.m in Sources */ = {isa = PBXBuildFile; fileRef = CD2871151AB4E446005CED9A /* UIFont+WorthStyle.m */; };
		CD28711E1AB4EF67005CED9A /* WorthCompareUserTableViewCell.m in Sources */ = {isa = PBXBuildFile; fileRef = CD28711C1AB4EF67005CED9A /* WorthCompareUserTableViewCell.m */; };
		CD28711F1AB4EF67005CED9A /* WorthCompareUserTableViewCell.xib in Resources */ = {isa = PBXBuildFile; fileRef = CD28711D1AB4EF67005CED9A /* WorthCompareUserTableViewCell.xib */; };
		CD5946981AB36A2D00527F76 /* main.m in Sources */ = {isa = PBXBuildFile; fileRef = CD5946971AB36A2D00527F76 /* main.m */; };
		CD59469B1AB36A2D00527F76 /* AppDelegate.m in Sources */ = {isa = PBXBuildFile; fileRef = CD59469A1AB36A2D00527F76 /* AppDelegate.m */; };
		CD5946A31AB36A2D00527F76 /* Images.xcassets in Resources */ = {isa = PBXBuildFile; fileRef = CD5946A21AB36A2D00527F76 /* Images.xcassets */; };
		CD5946A61AB36A2D00527F76 /* LaunchScreen.xib in Resources */ = {isa = PBXBuildFile; fileRef = CD5946A41AB36A2D00527F76 /* LaunchScreen.xib */; };
		CD5946B21AB36A2D00527F76 /* WorthTests.m in Sources */ = {isa = PBXBuildFile; fileRef = CD5946B11AB36A2D00527F76 /* WorthTests.m */; };
		CD5946C61AB36F1300527F76 /* InterfaceController.m in Sources */ = {isa = PBXBuildFile; fileRef = CD5946C51AB36F1300527F76 /* InterfaceController.m */; };
		CD5946C91AB36F1300527F76 /* NotificationController.m in Sources */ = {isa = PBXBuildFile; fileRef = CD5946C81AB36F1300527F76 /* NotificationController.m */; };
		CD5946CB1AB36F1300527F76 /* Images.xcassets in Resources */ = {isa = PBXBuildFile; fileRef = CD5946CA1AB36F1300527F76 /* Images.xcassets */; };
		CD5946CF1AB36F1300527F76 /* Worth WatchKit App.app in Resources */ = {isa = PBXBuildFile; fileRef = CD5946CE1AB36F1300527F76 /* Worth WatchKit App.app */; };
		CD5946D71AB36F1300527F76 /* Interface.storyboard in Resources */ = {isa = PBXBuildFile; fileRef = CD5946D51AB36F1300527F76 /* Interface.storyboard */; };
		CD5946D91AB36F1300527F76 /* Images.xcassets in Resources */ = {isa = PBXBuildFile; fileRef = CD5946D81AB36F1300527F76 /* Images.xcassets */; };
		CD5946DC1AB36F1300527F76 /* Worth WatchKit Extension.appex in Embed App Extensions */ = {isa = PBXBuildFile; fileRef = CD5946BF1AB36F1300527F76 /* Worth WatchKit Extension.appex */; settings = {ATTRIBUTES = (RemoveHeadersOnCopy, ); }; };
		CD5946E61AB3786700527F76 /* TimerInterfaceController.m in Sources */ = {isa = PBXBuildFile; fileRef = CD5946E51AB3786700527F76 /* TimerInterfaceController.m */; };
		CDB3F0C91AB5F5A1002E0D31 /* DINRoundPro-Black.otf in Resources */ = {isa = PBXBuildFile; fileRef = CDB3F0C41AB5F5A1002E0D31 /* DINRoundPro-Black.otf */; };
		CDB3F0CA1AB5F5A1002E0D31 /* DINRoundPro-Bold.otf in Resources */ = {isa = PBXBuildFile; fileRef = CDB3F0C51AB5F5A1002E0D31 /* DINRoundPro-Bold.otf */; };
		CDB3F0CB1AB5F5A1002E0D31 /* DINRoundPro-Light.otf in Resources */ = {isa = PBXBuildFile; fileRef = CDB3F0C61AB5F5A1002E0D31 /* DINRoundPro-Light.otf */; };
		CDB3F0CC1AB5F5A1002E0D31 /* DINRoundPro-Medium.otf in Resources */ = {isa = PBXBuildFile; fileRef = CDB3F0C71AB5F5A1002E0D31 /* DINRoundPro-Medium.otf */; };
		CDB3F0CD1AB5F5A1002E0D31 /* DINRoundPro.otf in Resources */ = {isa = PBXBuildFile; fileRef = CDB3F0C81AB5F5A1002E0D31 /* DINRoundPro.otf */; };
		CDB3F0D01AB60352002E0D31 /* WorthRoundAvatarImageView.m in Sources */ = {isa = PBXBuildFile; fileRef = CDB3F0CF1AB60352002E0D31 /* WorthRoundAvatarImageView.m */; };
		CDB3F0D31AB6036F002E0D31 /* UIImage+WorthStyle.m in Sources */ = {isa = PBXBuildFile; fileRef = CDB3F0D21AB6036F002E0D31 /* UIImage+WorthStyle.m */; };
		CDB3F0D91AB60BEC002E0D31 /* WorthCompareViewController.m in Sources */ = {isa = PBXBuildFile; fileRef = CDB3F0D81AB60BEC002E0D31 /* WorthCompareViewController.m */; };
		CDB3F0E01AB614B1002E0D31 /* WorthUserView.m in Sources */ = {isa = PBXBuildFile; fileRef = CDB3F0DF1AB614B1002E0D31 /* WorthUserView.m */; };
		CDB3F0E21AB614BF002E0D31 /* WorthUserView.xib in Resources */ = {isa = PBXBuildFile; fileRef = CDB3F0E11AB614BF002E0D31 /* WorthUserView.xib */; };
		CDB3F0E51AB61E5B002E0D31 /* NSString+TimeString.m in Sources */ = {isa = PBXBuildFile; fileRef = CDB3F0E41AB61E5B002E0D31 /* NSString+TimeString.m */; };
		CDB3F0E81AB62696002E0D31 /* WorthObjectModel.xcdatamodeld in Sources */ = {isa = PBXBuildFile; fileRef = CDB3F0E61AB62696002E0D31 /* WorthObjectModel.xcdatamodeld */; };
		CDB3F0F11AB626E6002E0D31 /* WorthUser.m in Sources */ = {isa = PBXBuildFile; fileRef = CDB3F0F01AB626E6002E0D31 /* WorthUser.m */; };
		CDB3F0F51AB6270E002E0D31 /* WorthUser+UserGenerated.m in Sources */ = {isa = PBXBuildFile; fileRef = CDB3F0F41AB6270E002E0D31 /* WorthUser+UserGenerated.m */; };
		CDB3F0FC1AB62E06002E0D31 /* WorthObjectModel.m in Sources */ = {isa = PBXBuildFile; fileRef = CDB3F0FB1AB62E06002E0D31 /* WorthObjectModel.m */; };
		CDB3F0FE1AB62E5A002E0D31 /* CoreData.framework in Frameworks */ = {isa = PBXBuildFile; fileRef = CDB3F0FD1AB62E5A002E0D31 /* CoreData.framework */; };
		CDB3F1011AB635C3002E0D31 /* WorthUserManager.m in Sources */ = {isa = PBXBuildFile; fileRef = CDB3F1001AB635C3002E0D31 /* WorthUserManager.m */; };
		CDB3F1071AB662B5002E0D31 /* WorthFavoritesViewController.m in Sources */ = {isa = PBXBuildFile; fileRef = CDB3F1061AB662B5002E0D31 /* WorthFavoritesViewController.m */; };
		CDB3F10A1AB6C1B9002E0D31 /* NSString+StripCurrencySymbols.m in Sources */ = {isa = PBXBuildFile; fileRef = CDB3F1091AB6C1B9002E0D31 /* NSString+StripCurrencySymbols.m */; };
		CDBFBBD81AFCFB9400BF4C3E /* WorthExpense.m in Sources */ = {isa = PBXBuildFile; fileRef = CDBFBBD71AFCFB9400BF4C3E /* WorthExpense.m */; };
		CDBFBBDC1AFD07F800BF4C3E /* WorthRootTabBarViewController.m in Sources */ = {isa = PBXBuildFile; fileRef = CDBFBBDA1AFD07F800BF4C3E /* WorthRootTabBarViewController.m */; };
		CDBFBBDD1AFD07F800BF4C3E /* WorthRootTabBarViewController.xib in Resources */ = {isa = PBXBuildFile; fileRef = CDBFBBDB1AFD07F800BF4C3E /* WorthRootTabBarViewController.xib */; };
		CDBFBBDF1AFD088D00BF4C3E /* WorthUserHomeViewController.xib in Resources */ = {isa = PBXBuildFile; fileRef = CDBFBBDE1AFD088D00BF4C3E /* WorthUserHomeViewController.xib */; };
		CDBFBBE21AFD0E5D00BF4C3E /* WorthHeaderView.m in Sources */ = {isa = PBXBuildFile; fileRef = CDBFBBE11AFD0E5D00BF4C3E /* WorthHeaderView.m */; };
		CDBFBBE41AFD0E6C00BF4C3E /* WorthHeaderView.xib in Resources */ = {isa = PBXBuildFile; fileRef = CDBFBBE31AFD0E6C00BF4C3E /* WorthHeaderView.xib */; };
		CDBFBBE71AFD44CB00BF4C3E /* NSDate+Worth.m in Sources */ = {isa = PBXBuildFile; fileRef = CDBFBBE61AFD44CB00BF4C3E /* NSDate+Worth.m */; };
		CDC3D8A71B0F749900415A08 /* WorthCompareViewController.xib in Resources */ = {isa = PBXBuildFile; fileRef = CDC3D8A61B0F749900415A08 /* WorthCompareViewController.xib */; };
/* End PBXBuildFile section */

/* Begin PBXContainerItemProxy section */
		CD5946AC1AB36A2D00527F76 /* PBXContainerItemProxy */ = {
			isa = PBXContainerItemProxy;
			containerPortal = CD59468A1AB36A2D00527F76 /* Project object */;
			proxyType = 1;
			remoteGlobalIDString = CD5946911AB36A2D00527F76;
			remoteInfo = Worth;
		};
		CD5946D01AB36F1300527F76 /* PBXContainerItemProxy */ = {
			isa = PBXContainerItemProxy;
			containerPortal = CD59468A1AB36A2D00527F76 /* Project object */;
			proxyType = 1;
			remoteGlobalIDString = CD5946CD1AB36F1300527F76;
			remoteInfo = "Worth WatchKit App";
		};
		CD5946DA1AB36F1300527F76 /* PBXContainerItemProxy */ = {
			isa = PBXContainerItemProxy;
			containerPortal = CD59468A1AB36A2D00527F76 /* Project object */;
			proxyType = 1;
			remoteGlobalIDString = CD5946BE1AB36F1300527F76;
			remoteInfo = "Worth WatchKit Extension";
		};
/* End PBXContainerItemProxy section */

/* Begin PBXCopyFilesBuildPhase section */
		CD5946E31AB36F1300527F76 /* Embed App Extensions */ = {
			isa = PBXCopyFilesBuildPhase;
			buildActionMask = 2147483647;
			dstPath = "";
			dstSubfolderSpec = 13;
			files = (
				CD5946DC1AB36F1300527F76 /* Worth WatchKit Extension.appex in Embed App Extensions */,
			);
			name = "Embed App Extensions";
			runOnlyForDeploymentPostprocessing = 0;
		};
/* End PBXCopyFilesBuildPhase section */

/* Begin PBXFileReference section */
		54346F1126EA562A4F56D3BE /* libPods-Worth.a */ = {isa = PBXFileReference; explicitFileType = archive.ar; includeInIndex = 0; path = "libPods-Worth.a"; sourceTree = BUILT_PRODUCTS_DIR; };
		B8349B7B41B7F3C4BE63EFEF /* Pods-Worth.release.xcconfig */ = {isa = PBXFileReference; includeInIndex = 1; lastKnownFileType = text.xcconfig; name = "Pods-Worth.release.xcconfig"; path = "Pods/Target Support Files/Pods-Worth/Pods-Worth.release.xcconfig"; sourceTree = "<group>"; };
		C02AABF700F6151354C5F98D /* Pods-Worth.debug.xcconfig */ = {isa = PBXFileReference; includeInIndex = 1; lastKnownFileType = text.xcconfig; name = "Pods-Worth.debug.xcconfig"; path = "Pods/Target Support Files/Pods-Worth/Pods-Worth.debug.xcconfig"; sourceTree = "<group>"; };
		CD2870FE1AB4BEC4005CED9A /* WorthMoneyTextView.h */ = {isa = PBXFileReference; fileEncoding = 4; lastKnownFileType = sourcecode.c.h; path = WorthMoneyTextView.h; sourceTree = "<group>"; };
		CD2870FF1AB4BEC4005CED9A /* WorthMoneyTextView.m */ = {isa = PBXFileReference; fileEncoding = 4; lastKnownFileType = sourcecode.c.objc; path = WorthMoneyTextView.m; sourceTree = "<group>"; };
		CD2871011AB4BECF005CED9A /* WorthMoneyTextView.xib */ = {isa = PBXFileReference; fileEncoding = 4; lastKnownFileType = file.xib; path = WorthMoneyTextView.xib; sourceTree = "<group>"; };
		CD28710D1AB4D343005CED9A /* WorthUserHomeViewController.h */ = {isa = PBXFileReference; fileEncoding = 4; lastKnownFileType = sourcecode.c.h; path = WorthUserHomeViewController.h; sourceTree = "<group>"; };
		CD28710E1AB4D343005CED9A /* WorthUserHomeViewController.m */ = {isa = PBXFileReference; fileEncoding = 4; lastKnownFileType = sourcecode.c.objc; path = WorthUserHomeViewController.m; sourceTree = "<group>"; };
		CD2871111AB4DFF8005CED9A /* UIColor+WorthStyle.h */ = {isa = PBXFileReference; fileEncoding = 4; lastKnownFileType = sourcecode.c.h; path = "UIColor+WorthStyle.h"; sourceTree = "<group>"; };
		CD2871121AB4DFF8005CED9A /* UIColor+WorthStyle.m */ = {isa = PBXFileReference; fileEncoding = 4; lastKnownFileType = sourcecode.c.objc; path = "UIColor+WorthStyle.m"; sourceTree = "<group>"; };
		CD2871141AB4E446005CED9A /* UIFont+WorthStyle.h */ = {isa = PBXFileReference; fileEncoding = 4; lastKnownFileType = sourcecode.c.h; path = "UIFont+WorthStyle.h"; sourceTree = "<group>"; };
		CD2871151AB4E446005CED9A /* UIFont+WorthStyle.m */ = {isa = PBXFileReference; fileEncoding = 4; lastKnownFileType = sourcecode.c.objc; path = "UIFont+WorthStyle.m"; sourceTree = "<group>"; };
		CD28711B1AB4EF67005CED9A /* WorthCompareUserTableViewCell.h */ = {isa = PBXFileReference; fileEncoding = 4; lastKnownFileType = sourcecode.c.h; path = WorthCompareUserTableViewCell.h; sourceTree = "<group>"; };
		CD28711C1AB4EF67005CED9A /* WorthCompareUserTableViewCell.m */ = {isa = PBXFileReference; fileEncoding = 4; lastKnownFileType = sourcecode.c.objc; path = WorthCompareUserTableViewCell.m; sourceTree = "<group>"; };
		CD28711D1AB4EF67005CED9A /* WorthCompareUserTableViewCell.xib */ = {isa = PBXFileReference; fileEncoding = 4; lastKnownFileType = file.xib; path = WorthCompareUserTableViewCell.xib; sourceTree = "<group>"; };
		CD5946921AB36A2D00527F76 /* Worth.app */ = {isa = PBXFileReference; explicitFileType = wrapper.application; includeInIndex = 0; path = Worth.app; sourceTree = BUILT_PRODUCTS_DIR; };
		CD5946961AB36A2D00527F76 /* Info.plist */ = {isa = PBXFileReference; lastKnownFileType = text.plist.xml; path = Info.plist; sourceTree = "<group>"; };
		CD5946971AB36A2D00527F76 /* main.m */ = {isa = PBXFileReference; lastKnownFileType = sourcecode.c.objc; path = main.m; sourceTree = "<group>"; };
		CD5946991AB36A2D00527F76 /* AppDelegate.h */ = {isa = PBXFileReference; lastKnownFileType = sourcecode.c.h; path = AppDelegate.h; sourceTree = "<group>"; };
		CD59469A1AB36A2D00527F76 /* AppDelegate.m */ = {isa = PBXFileReference; lastKnownFileType = sourcecode.c.objc; path = AppDelegate.m; sourceTree = "<group>"; };
		CD5946A21AB36A2D00527F76 /* Images.xcassets */ = {isa = PBXFileReference; lastKnownFileType = folder.assetcatalog; path = Images.xcassets; sourceTree = "<group>"; };
		CD5946A51AB36A2D00527F76 /* Base */ = {isa = PBXFileReference; lastKnownFileType = file.xib; name = Base; path = Base.lproj/LaunchScreen.xib; sourceTree = "<group>"; };
		CD5946AB1AB36A2D00527F76 /* WorthTests.xctest */ = {isa = PBXFileReference; explicitFileType = wrapper.cfbundle; includeInIndex = 0; path = WorthTests.xctest; sourceTree = BUILT_PRODUCTS_DIR; };
		CD5946B01AB36A2D00527F76 /* Info.plist */ = {isa = PBXFileReference; lastKnownFileType = text.plist.xml; path = Info.plist; sourceTree = "<group>"; };
		CD5946B11AB36A2D00527F76 /* WorthTests.m */ = {isa = PBXFileReference; lastKnownFileType = sourcecode.c.objc; path = WorthTests.m; sourceTree = "<group>"; };
		CD5946BF1AB36F1300527F76 /* Worth WatchKit Extension.appex */ = {isa = PBXFileReference; explicitFileType = "wrapper.app-extension"; includeInIndex = 0; path = "Worth WatchKit Extension.appex"; sourceTree = BUILT_PRODUCTS_DIR; };
		CD5946C21AB36F1300527F76 /* Info.plist */ = {isa = PBXFileReference; lastKnownFileType = text.plist.xml; path = Info.plist; sourceTree = "<group>"; };
		CD5946C31AB36F1300527F76 /* PushNotificationPayload.apns */ = {isa = PBXFileReference; lastKnownFileType = text; path = PushNotificationPayload.apns; sourceTree = "<group>"; };
		CD5946C41AB36F1300527F76 /* InterfaceController.h */ = {isa = PBXFileReference; lastKnownFileType = sourcecode.c.h; path = InterfaceController.h; sourceTree = "<group>"; };
		CD5946C51AB36F1300527F76 /* InterfaceController.m */ = {isa = PBXFileReference; lastKnownFileType = sourcecode.c.objc; path = InterfaceController.m; sourceTree = "<group>"; };
		CD5946C71AB36F1300527F76 /* NotificationController.h */ = {isa = PBXFileReference; lastKnownFileType = sourcecode.c.h; path = NotificationController.h; sourceTree = "<group>"; };
		CD5946C81AB36F1300527F76 /* NotificationController.m */ = {isa = PBXFileReference; lastKnownFileType = sourcecode.c.objc; path = NotificationController.m; sourceTree = "<group>"; };
		CD5946CA1AB36F1300527F76 /* Images.xcassets */ = {isa = PBXFileReference; lastKnownFileType = folder.assetcatalog; path = Images.xcassets; sourceTree = "<group>"; };
		CD5946CE1AB36F1300527F76 /* Worth WatchKit App.app */ = {isa = PBXFileReference; explicitFileType = wrapper.application; includeInIndex = 0; path = "Worth WatchKit App.app"; sourceTree = BUILT_PRODUCTS_DIR; };
		CD5946D41AB36F1300527F76 /* Info.plist */ = {isa = PBXFileReference; lastKnownFileType = text.plist.xml; path = Info.plist; sourceTree = "<group>"; };
		CD5946D61AB36F1300527F76 /* Base */ = {isa = PBXFileReference; lastKnownFileType = file.storyboard; name = Base; path = Base.lproj/Interface.storyboard; sourceTree = "<group>"; };
		CD5946D81AB36F1300527F76 /* Images.xcassets */ = {isa = PBXFileReference; lastKnownFileType = folder.assetcatalog; path = Images.xcassets; sourceTree = "<group>"; };
		CD5946E41AB3786700527F76 /* TimerInterfaceController.h */ = {isa = PBXFileReference; fileEncoding = 4; lastKnownFileType = sourcecode.c.h; path = TimerInterfaceController.h; sourceTree = "<group>"; };
		CD5946E51AB3786700527F76 /* TimerInterfaceController.m */ = {isa = PBXFileReference; fileEncoding = 4; lastKnownFileType = sourcecode.c.objc; path = TimerInterfaceController.m; sourceTree = "<group>"; };
		CDB3F0C41AB5F5A1002E0D31 /* DINRoundPro-Black.otf */ = {isa = PBXFileReference; lastKnownFileType = file; path = "DINRoundPro-Black.otf"; sourceTree = "<group>"; };
		CDB3F0C51AB5F5A1002E0D31 /* DINRoundPro-Bold.otf */ = {isa = PBXFileReference; lastKnownFileType = file; path = "DINRoundPro-Bold.otf"; sourceTree = "<group>"; };
		CDB3F0C61AB5F5A1002E0D31 /* DINRoundPro-Light.otf */ = {isa = PBXFileReference; lastKnownFileType = file; path = "DINRoundPro-Light.otf"; sourceTree = "<group>"; };
		CDB3F0C71AB5F5A1002E0D31 /* DINRoundPro-Medium.otf */ = {isa = PBXFileReference; lastKnownFileType = file; path = "DINRoundPro-Medium.otf"; sourceTree = "<group>"; };
		CDB3F0C81AB5F5A1002E0D31 /* DINRoundPro.otf */ = {isa = PBXFileReference; lastKnownFileType = file; path = DINRoundPro.otf; sourceTree = "<group>"; };
		CDB3F0CE1AB60352002E0D31 /* WorthRoundAvatarImageView.h */ = {isa = PBXFileReference; fileEncoding = 4; lastKnownFileType = sourcecode.c.h; path = WorthRoundAvatarImageView.h; sourceTree = "<group>"; };
		CDB3F0CF1AB60352002E0D31 /* WorthRoundAvatarImageView.m */ = {isa = PBXFileReference; fileEncoding = 4; lastKnownFileType = sourcecode.c.objc; path = WorthRoundAvatarImageView.m; sourceTree = "<group>"; };
		CDB3F0D11AB6036F002E0D31 /* UIImage+WorthStyle.h */ = {isa = PBXFileReference; fileEncoding = 4; lastKnownFileType = sourcecode.c.h; path = "UIImage+WorthStyle.h"; sourceTree = "<group>"; };
		CDB3F0D21AB6036F002E0D31 /* UIImage+WorthStyle.m */ = {isa = PBXFileReference; fileEncoding = 4; lastKnownFileType = sourcecode.c.objc; path = "UIImage+WorthStyle.m"; sourceTree = "<group>"; };
		CDB3F0D71AB60BEC002E0D31 /* WorthCompareViewController.h */ = {isa = PBXFileReference; fileEncoding = 4; lastKnownFileType = sourcecode.c.h; path = WorthCompareViewController.h; sourceTree = "<group>"; };
		CDB3F0D81AB60BEC002E0D31 /* WorthCompareViewController.m */ = {isa = PBXFileReference; fileEncoding = 4; lastKnownFileType = sourcecode.c.objc; path = WorthCompareViewController.m; sourceTree = "<group>"; };
		CDB3F0DE1AB614B1002E0D31 /* WorthUserView.h */ = {isa = PBXFileReference; fileEncoding = 4; lastKnownFileType = sourcecode.c.h; path = WorthUserView.h; sourceTree = "<group>"; };
		CDB3F0DF1AB614B1002E0D31 /* WorthUserView.m */ = {isa = PBXFileReference; fileEncoding = 4; lastKnownFileType = sourcecode.c.objc; path = WorthUserView.m; sourceTree = "<group>"; };
		CDB3F0E11AB614BF002E0D31 /* WorthUserView.xib */ = {isa = PBXFileReference; fileEncoding = 4; lastKnownFileType = file.xib; path = WorthUserView.xib; sourceTree = "<group>"; };
		CDB3F0E31AB61E5B002E0D31 /* NSString+TimeString.h */ = {isa = PBXFileReference; fileEncoding = 4; lastKnownFileType = sourcecode.c.h; path = "NSString+TimeString.h"; sourceTree = "<group>"; };
		CDB3F0E41AB61E5B002E0D31 /* NSString+TimeString.m */ = {isa = PBXFileReference; fileEncoding = 4; lastKnownFileType = sourcecode.c.objc; path = "NSString+TimeString.m"; sourceTree = "<group>"; };
		CDB3F0E71AB62696002E0D31 /* WorthObjectModel.xcdatamodel */ = {isa = PBXFileReference; lastKnownFileType = wrapper.xcdatamodel; path = WorthObjectModel.xcdatamodel; sourceTree = "<group>"; };
		CDB3F0EF1AB626E6002E0D31 /* WorthUser.h */ = {isa = PBXFileReference; fileEncoding = 4; lastKnownFileType = sourcecode.c.h; path = WorthUser.h; sourceTree = "<group>"; };
		CDB3F0F01AB626E6002E0D31 /* WorthUser.m */ = {isa = PBXFileReference; fileEncoding = 4; lastKnownFileType = sourcecode.c.objc; path = WorthUser.m; sourceTree = "<group>"; };
		CDB3F0F31AB6270E002E0D31 /* WorthUser+UserGenerated.h */ = {isa = PBXFileReference; fileEncoding = 4; lastKnownFileType = sourcecode.c.h; path = "WorthUser+UserGenerated.h"; sourceTree = "<group>"; };
		CDB3F0F41AB6270E002E0D31 /* WorthUser+UserGenerated.m */ = {isa = PBXFileReference; fileEncoding = 4; lastKnownFileType = sourcecode.c.objc; path = "WorthUser+UserGenerated.m"; sourceTree = "<group>"; };
		CDB3F0FA1AB62E06002E0D31 /* WorthObjectModel.h */ = {isa = PBXFileReference; fileEncoding = 4; lastKnownFileType = sourcecode.c.h; path = WorthObjectModel.h; sourceTree = "<group>"; };
		CDB3F0FB1AB62E06002E0D31 /* WorthObjectModel.m */ = {isa = PBXFileReference; fileEncoding = 4; lastKnownFileType = sourcecode.c.objc; path = WorthObjectModel.m; sourceTree = "<group>"; };
		CDB3F0FD1AB62E5A002E0D31 /* CoreData.framework */ = {isa = PBXFileReference; lastKnownFileType = wrapper.framework; name = CoreData.framework; path = System/Library/Frameworks/CoreData.framework; sourceTree = SDKROOT; };
		CDB3F0FF1AB635C3002E0D31 /* WorthUserManager.h */ = {isa = PBXFileReference; fileEncoding = 4; lastKnownFileType = sourcecode.c.h; path = WorthUserManager.h; sourceTree = "<group>"; };
		CDB3F1001AB635C3002E0D31 /* WorthUserManager.m */ = {isa = PBXFileReference; fileEncoding = 4; lastKnownFileType = sourcecode.c.objc; path = WorthUserManager.m; sourceTree = "<group>"; };
		CDB3F1051AB662B5002E0D31 /* WorthFavoritesViewController.h */ = {isa = PBXFileReference; fileEncoding = 4; lastKnownFileType = sourcecode.c.h; path = WorthFavoritesViewController.h; sourceTree = "<group>"; };
		CDB3F1061AB662B5002E0D31 /* WorthFavoritesViewController.m */ = {isa = PBXFileReference; fileEncoding = 4; lastKnownFileType = sourcecode.c.objc; path = WorthFavoritesViewController.m; sourceTree = "<group>"; };
		CDB3F1081AB6C1B9002E0D31 /* NSString+StripCurrencySymbols.h */ = {isa = PBXFileReference; fileEncoding = 4; lastKnownFileType = sourcecode.c.h; path = "NSString+StripCurrencySymbols.h"; sourceTree = "<group>"; };
		CDB3F1091AB6C1B9002E0D31 /* NSString+StripCurrencySymbols.m */ = {isa = PBXFileReference; fileEncoding = 4; lastKnownFileType = sourcecode.c.objc; path = "NSString+StripCurrencySymbols.m"; sourceTree = "<group>"; };
		CDBFBBD61AFCFB9400BF4C3E /* WorthExpense.h */ = {isa = PBXFileReference; fileEncoding = 4; lastKnownFileType = sourcecode.c.h; path = WorthExpense.h; sourceTree = "<group>"; };
		CDBFBBD71AFCFB9400BF4C3E /* WorthExpense.m */ = {isa = PBXFileReference; fileEncoding = 4; lastKnownFileType = sourcecode.c.objc; path = WorthExpense.m; sourceTree = "<group>"; };
		CDBFBBD91AFD07F800BF4C3E /* WorthRootTabBarViewController.h */ = {isa = PBXFileReference; fileEncoding = 4; lastKnownFileType = sourcecode.c.h; path = WorthRootTabBarViewController.h; sourceTree = "<group>"; };
		CDBFBBDA1AFD07F800BF4C3E /* WorthRootTabBarViewController.m */ = {isa = PBXFileReference; fileEncoding = 4; lastKnownFileType = sourcecode.c.objc; path = WorthRootTabBarViewController.m; sourceTree = "<group>"; };
		CDBFBBDB1AFD07F800BF4C3E /* WorthRootTabBarViewController.xib */ = {isa = PBXFileReference; fileEncoding = 4; lastKnownFileType = file.xib; path = WorthRootTabBarViewController.xib; sourceTree = "<group>"; };
		CDBFBBDE1AFD088D00BF4C3E /* WorthUserHomeViewController.xib */ = {isa = PBXFileReference; fileEncoding = 4; lastKnownFileType = file.xib; path = WorthUserHomeViewController.xib; sourceTree = "<group>"; };
		CDBFBBE01AFD0E5D00BF4C3E /* WorthHeaderView.h */ = {isa = PBXFileReference; fileEncoding = 4; lastKnownFileType = sourcecode.c.h; path = WorthHeaderView.h; sourceTree = "<group>"; };
		CDBFBBE11AFD0E5D00BF4C3E /* WorthHeaderView.m */ = {isa = PBXFileReference; fileEncoding = 4; lastKnownFileType = sourcecode.c.objc; path = WorthHeaderView.m; sourceTree = "<group>"; };
		CDBFBBE31AFD0E6C00BF4C3E /* WorthHeaderView.xib */ = {isa = PBXFileReference; fileEncoding = 4; lastKnownFileType = file.xib; path = WorthHeaderView.xib; sourceTree = "<group>"; };
		CDBFBBE51AFD44CB00BF4C3E /* NSDate+Worth.h */ = {isa = PBXFileReference; fileEncoding = 4; lastKnownFileType = sourcecode.c.h; path = "NSDate+Worth.h"; sourceTree = "<group>"; };
		CDBFBBE61AFD44CB00BF4C3E /* NSDate+Worth.m */ = {isa = PBXFileReference; fileEncoding = 4; lastKnownFileType = sourcecode.c.objc; path = "NSDate+Worth.m"; sourceTree = "<group>"; };
		CDC3D8A61B0F749900415A08 /* WorthCompareViewController.xib */ = {isa = PBXFileReference; fileEncoding = 4; lastKnownFileType = file.xib; path = WorthCompareViewController.xib; sourceTree = "<group>"; };
/* End PBXFileReference section */

/* Begin PBXFrameworksBuildPhase section */
		CD59468F1AB36A2D00527F76 /* Frameworks */ = {
			isa = PBXFrameworksBuildPhase;
			buildActionMask = 2147483647;
			files = (
				CDB3F0FE1AB62E5A002E0D31 /* CoreData.framework in Frameworks */,
				6CC65B04AD70EF59F7BAC2E3 /* libPods-Worth.a in Frameworks */,
			);
			runOnlyForDeploymentPostprocessing = 0;
		};
		CD5946A81AB36A2D00527F76 /* Frameworks */ = {
			isa = PBXFrameworksBuildPhase;
			buildActionMask = 2147483647;
			files = (
			);
			runOnlyForDeploymentPostprocessing = 0;
		};
		CD5946BC1AB36F1300527F76 /* Frameworks */ = {
			isa = PBXFrameworksBuildPhase;
			buildActionMask = 2147483647;
			files = (
			);
			runOnlyForDeploymentPostprocessing = 0;
		};
/* End PBXFrameworksBuildPhase section */

/* Begin PBXGroup section */
		CD2870FD1AB4BE24005CED9A /* Views */ = {
			isa = PBXGroup;
			children = (
				CD2870FE1AB4BEC4005CED9A /* WorthMoneyTextView.h */,
				CD2870FF1AB4BEC4005CED9A /* WorthMoneyTextView.m */,
				CD2871011AB4BECF005CED9A /* WorthMoneyTextView.xib */,
				CDB3F0CE1AB60352002E0D31 /* WorthRoundAvatarImageView.h */,
				CDB3F0CF1AB60352002E0D31 /* WorthRoundAvatarImageView.m */,
				CDB3F0DE1AB614B1002E0D31 /* WorthUserView.h */,
				CDB3F0DF1AB614B1002E0D31 /* WorthUserView.m */,
				CDB3F0E11AB614BF002E0D31 /* WorthUserView.xib */,
				CDBFBBE01AFD0E5D00BF4C3E /* WorthHeaderView.h */,
				CDBFBBE11AFD0E5D00BF4C3E /* WorthHeaderView.m */,
				CDBFBBE31AFD0E6C00BF4C3E /* WorthHeaderView.xib */,
			);
			path = Views;
			sourceTree = "<group>";
		};
		CD2871031AB4D0DD005CED9A /* Controllers */ = {
			isa = PBXGroup;
			children = (
				CD28711A1AB4EF49005CED9A /* TableViewCells */,
				CD28710D1AB4D343005CED9A /* WorthUserHomeViewController.h */,
				CD28710E1AB4D343005CED9A /* WorthUserHomeViewController.m */,
				CDBFBBDE1AFD088D00BF4C3E /* WorthUserHomeViewController.xib */,
				CDB3F0D71AB60BEC002E0D31 /* WorthCompareViewController.h */,
				CDB3F0D81AB60BEC002E0D31 /* WorthCompareViewController.m */,
				CDC3D8A61B0F749900415A08 /* WorthCompareViewController.xib */,
				CDB3F1051AB662B5002E0D31 /* WorthFavoritesViewController.h */,
				CDB3F1061AB662B5002E0D31 /* WorthFavoritesViewController.m */,
				CDBFBBD91AFD07F800BF4C3E /* WorthRootTabBarViewController.h */,
				CDBFBBDA1AFD07F800BF4C3E /* WorthRootTabBarViewController.m */,
				CDBFBBDB1AFD07F800BF4C3E /* WorthRootTabBarViewController.xib */,
			);
			path = Controllers;
			sourceTree = "<group>";
		};
		CD2871101AB4DFD9005CED9A /* Categories */ = {
			isa = PBXGroup;
			children = (
				CD2871111AB4DFF8005CED9A /* UIColor+WorthStyle.h */,
				CD2871121AB4DFF8005CED9A /* UIColor+WorthStyle.m */,
				CD2871141AB4E446005CED9A /* UIFont+WorthStyle.h */,
				CD2871151AB4E446005CED9A /* UIFont+WorthStyle.m */,
				CDB3F0D11AB6036F002E0D31 /* UIImage+WorthStyle.h */,
				CDB3F0D21AB6036F002E0D31 /* UIImage+WorthStyle.m */,
				CDB3F0E31AB61E5B002E0D31 /* NSString+TimeString.h */,
				CDB3F0E41AB61E5B002E0D31 /* NSString+TimeString.m */,
				CDB3F1081AB6C1B9002E0D31 /* NSString+StripCurrencySymbols.h */,
				CDB3F1091AB6C1B9002E0D31 /* NSString+StripCurrencySymbols.m */,
				CDBFBBE51AFD44CB00BF4C3E /* NSDate+Worth.h */,
				CDBFBBE61AFD44CB00BF4C3E /* NSDate+Worth.m */,
			);
			path = Categories;
			sourceTree = "<group>";
		};
		CD28711A1AB4EF49005CED9A /* TableViewCells */ = {
			isa = PBXGroup;
			children = (
				CD28711B1AB4EF67005CED9A /* WorthCompareUserTableViewCell.h */,
				CD28711C1AB4EF67005CED9A /* WorthCompareUserTableViewCell.m */,
				CD28711D1AB4EF67005CED9A /* WorthCompareUserTableViewCell.xib */,
			);
			path = TableViewCells;
			sourceTree = "<group>";
		};
		CD5946891AB36A2D00527F76 = {
			isa = PBXGroup;
			children = (
				CD5946941AB36A2D00527F76 /* Worth */,
				CD5946AE1AB36A2D00527F76 /* WorthTests */,
				CD5946C01AB36F1300527F76 /* Worth WatchKit Extension */,
				CD5946D21AB36F1300527F76 /* Worth WatchKit App */,
				CD5946931AB36A2D00527F76 /* Products */,
				F86215F73131D56582ECB64D /* Pods */,
				D8CF3DFEA2F1D342DBB76158 /* Frameworks */,
			);
			sourceTree = "<group>";
		};
		CD5946931AB36A2D00527F76 /* Products */ = {
			isa = PBXGroup;
			children = (
				CD5946921AB36A2D00527F76 /* Worth.app */,
				CD5946AB1AB36A2D00527F76 /* WorthTests.xctest */,
				CD5946BF1AB36F1300527F76 /* Worth WatchKit Extension.appex */,
				CD5946CE1AB36F1300527F76 /* Worth WatchKit App.app */,
			);
			name = Products;
			sourceTree = "<group>";
		};
		CD5946941AB36A2D00527F76 /* Worth */ = {
			isa = PBXGroup;
			children = (
				CDB3F0DA1AB612C0002E0D31 /* Models */,
				CDB3F0C21AB5F577002E0D31 /* Resources */,
				CD2871101AB4DFD9005CED9A /* Categories */,
				CD2871031AB4D0DD005CED9A /* Controllers */,
				CD2870FD1AB4BE24005CED9A /* Views */,
				CD5946991AB36A2D00527F76 /* AppDelegate.h */,
				CD59469A1AB36A2D00527F76 /* AppDelegate.m */,
				CD5946A21AB36A2D00527F76 /* Images.xcassets */,
				CD5946A41AB36A2D00527F76 /* LaunchScreen.xib */,
				CD5946951AB36A2D00527F76 /* Supporting Files */,
				CDB3F0FF1AB635C3002E0D31 /* WorthUserManager.h */,
				CDB3F1001AB635C3002E0D31 /* WorthUserManager.m */,
			);
			path = Worth;
			sourceTree = "<group>";
		};
		CD5946951AB36A2D00527F76 /* Supporting Files */ = {
			isa = PBXGroup;
			children = (
				CD5946961AB36A2D00527F76 /* Info.plist */,
				CD5946971AB36A2D00527F76 /* main.m */,
			);
			name = "Supporting Files";
			sourceTree = "<group>";
		};
		CD5946AE1AB36A2D00527F76 /* WorthTests */ = {
			isa = PBXGroup;
			children = (
				CD5946B11AB36A2D00527F76 /* WorthTests.m */,
				CD5946AF1AB36A2D00527F76 /* Supporting Files */,
			);
			path = WorthTests;
			sourceTree = "<group>";
		};
		CD5946AF1AB36A2D00527F76 /* Supporting Files */ = {
			isa = PBXGroup;
			children = (
				CD5946B01AB36A2D00527F76 /* Info.plist */,
			);
			name = "Supporting Files";
			sourceTree = "<group>";
		};
		CD5946C01AB36F1300527F76 /* Worth WatchKit Extension */ = {
			isa = PBXGroup;
			children = (
				CD5946C41AB36F1300527F76 /* InterfaceController.h */,
				CD5946C51AB36F1300527F76 /* InterfaceController.m */,
				CD5946C71AB36F1300527F76 /* NotificationController.h */,
				CD5946C81AB36F1300527F76 /* NotificationController.m */,
				CD5946CA1AB36F1300527F76 /* Images.xcassets */,
				CD5946C11AB36F1300527F76 /* Supporting Files */,
				CD5946E41AB3786700527F76 /* TimerInterfaceController.h */,
				CD5946E51AB3786700527F76 /* TimerInterfaceController.m */,
			);
			path = "Worth WatchKit Extension";
			sourceTree = "<group>";
		};
		CD5946C11AB36F1300527F76 /* Supporting Files */ = {
			isa = PBXGroup;
			children = (
				CD5946C21AB36F1300527F76 /* Info.plist */,
				CD5946C31AB36F1300527F76 /* PushNotificationPayload.apns */,
			);
			name = "Supporting Files";
			sourceTree = "<group>";
		};
		CD5946D21AB36F1300527F76 /* Worth WatchKit App */ = {
			isa = PBXGroup;
			children = (
				CD5946D51AB36F1300527F76 /* Interface.storyboard */,
				CD5946D81AB36F1300527F76 /* Images.xcassets */,
				CD5946D31AB36F1300527F76 /* Supporting Files */,
			);
			path = "Worth WatchKit App";
			sourceTree = "<group>";
		};
		CD5946D31AB36F1300527F76 /* Supporting Files */ = {
			isa = PBXGroup;
			children = (
				CD5946D41AB36F1300527F76 /* Info.plist */,
			);
			name = "Supporting Files";
			sourceTree = "<group>";
		};
		CDB3F0C21AB5F577002E0D31 /* Resources */ = {
			isa = PBXGroup;
			children = (
				CDB3F0C31AB5F589002E0D31 /* Fonts */,
			);
			path = Resources;
			sourceTree = "<group>";
		};
		CDB3F0C31AB5F589002E0D31 /* Fonts */ = {
			isa = PBXGroup;
			children = (
				CDB3F0C41AB5F5A1002E0D31 /* DINRoundPro-Black.otf */,
				CDB3F0C51AB5F5A1002E0D31 /* DINRoundPro-Bold.otf */,
				CDB3F0C61AB5F5A1002E0D31 /* DINRoundPro-Light.otf */,
				CDB3F0C71AB5F5A1002E0D31 /* DINRoundPro-Medium.otf */,
				CDB3F0C81AB5F5A1002E0D31 /* DINRoundPro.otf */,
			);
			path = Fonts;
			sourceTree = "<group>";
		};
		CDB3F0DA1AB612C0002E0D31 /* Models */ = {
			isa = PBXGroup;
			children = (
				CDB3F0F91AB62DEE002E0D31 /* CoreData */,
				CDB3F0F21AB626F2002E0D31 /* UserGenerated */,
				CDBFBBD61AFCFB9400BF4C3E /* WorthExpense.h */,
				CDBFBBD71AFCFB9400BF4C3E /* WorthExpense.m */,
				CDB3F0EF1AB626E6002E0D31 /* WorthUser.h */,
				CDB3F0F01AB626E6002E0D31 /* WorthUser.m */,
				CDB3F0E61AB62696002E0D31 /* WorthObjectModel.xcdatamodeld */,
			);
			path = Models;
			sourceTree = "<group>";
		};
		CDB3F0F21AB626F2002E0D31 /* UserGenerated */ = {
			isa = PBXGroup;
			children = (
				CDB3F0F31AB6270E002E0D31 /* WorthUser+UserGenerated.h */,
				CDB3F0F41AB6270E002E0D31 /* WorthUser+UserGenerated.m */,
			);
			path = UserGenerated;
			sourceTree = "<group>";
		};
		CDB3F0F91AB62DEE002E0D31 /* CoreData */ = {
			isa = PBXGroup;
			children = (
				CDB3F0FA1AB62E06002E0D31 /* WorthObjectModel.h */,
				CDB3F0FB1AB62E06002E0D31 /* WorthObjectModel.m */,
			);
			path = CoreData;
			sourceTree = "<group>";
		};
		D8CF3DFEA2F1D342DBB76158 /* Frameworks */ = {
			isa = PBXGroup;
			children = (
				CDB3F0FD1AB62E5A002E0D31 /* CoreData.framework */,
				54346F1126EA562A4F56D3BE /* libPods-Worth.a */,
			);
			name = Frameworks;
			sourceTree = "<group>";
		};
		F86215F73131D56582ECB64D /* Pods */ = {
			isa = PBXGroup;
			children = (
				C02AABF700F6151354C5F98D /* Pods-Worth.debug.xcconfig */,
				B8349B7B41B7F3C4BE63EFEF /* Pods-Worth.release.xcconfig */,
			);
			name = Pods;
			sourceTree = "<group>";
		};
/* End PBXGroup section */

/* Begin PBXNativeTarget section */
		CD5946911AB36A2D00527F76 /* Worth */ = {
			isa = PBXNativeTarget;
			buildConfigurationList = CD5946B51AB36A2D00527F76 /* Build configuration list for PBXNativeTarget "Worth" */;
			buildPhases = (
				AAB30A8DA49BF6A3B9BBC61A /* Check Pods Manifest.lock */,
				CD59468E1AB36A2D00527F76 /* Sources */,
				CD59468F1AB36A2D00527F76 /* Frameworks */,
				CD5946901AB36A2D00527F76 /* Resources */,
				CD5946E31AB36F1300527F76 /* Embed App Extensions */,
				CEE7D233DA3D1EEB762A4A1D /* Copy Pods Resources */,
			);
			buildRules = (
			);
			dependencies = (
				CD5946DB1AB36F1300527F76 /* PBXTargetDependency */,
			);
			name = Worth;
			productName = Worth;
			productReference = CD5946921AB36A2D00527F76 /* Worth.app */;
			productType = "com.apple.product-type.application";
		};
		CD5946AA1AB36A2D00527F76 /* WorthTests */ = {
			isa = PBXNativeTarget;
			buildConfigurationList = CD5946B81AB36A2D00527F76 /* Build configuration list for PBXNativeTarget "WorthTests" */;
			buildPhases = (
				CD5946A71AB36A2D00527F76 /* Sources */,
				CD5946A81AB36A2D00527F76 /* Frameworks */,
				CD5946A91AB36A2D00527F76 /* Resources */,
			);
			buildRules = (
			);
			dependencies = (
				CD5946AD1AB36A2D00527F76 /* PBXTargetDependency */,
			);
			name = WorthTests;
			productName = WorthTests;
			productReference = CD5946AB1AB36A2D00527F76 /* WorthTests.xctest */;
			productType = "com.apple.product-type.bundle.unit-test";
		};
		CD5946BE1AB36F1300527F76 /* Worth WatchKit Extension */ = {
			isa = PBXNativeTarget;
			buildConfigurationList = CD5946E01AB36F1300527F76 /* Build configuration list for PBXNativeTarget "Worth WatchKit Extension" */;
			buildPhases = (
				CD5946BB1AB36F1300527F76 /* Sources */,
				CD5946BC1AB36F1300527F76 /* Frameworks */,
				CD5946BD1AB36F1300527F76 /* Resources */,
			);
			buildRules = (
			);
			dependencies = (
				CD5946D11AB36F1300527F76 /* PBXTargetDependency */,
			);
			name = "Worth WatchKit Extension";
			productName = "Worth WatchKit Extension";
			productReference = CD5946BF1AB36F1300527F76 /* Worth WatchKit Extension.appex */;
			productType = "com.apple.product-type.watchkit-extension";
		};
		CD5946CD1AB36F1300527F76 /* Worth WatchKit App */ = {
			isa = PBXNativeTarget;
			buildConfigurationList = CD5946DD1AB36F1300527F76 /* Build configuration list for PBXNativeTarget "Worth WatchKit App" */;
			buildPhases = (
				CD5946CC1AB36F1300527F76 /* Resources */,
			);
			buildRules = (
			);
			dependencies = (
			);
			name = "Worth WatchKit App";
			productName = "Worth WatchKit App";
			productReference = CD5946CE1AB36F1300527F76 /* Worth WatchKit App.app */;
			productType = "com.apple.product-type.application.watchapp";
		};
/* End PBXNativeTarget section */

/* Begin PBXProject section */
		CD59468A1AB36A2D00527F76 /* Project object */ = {
			isa = PBXProject;
			attributes = {
				LastUpgradeCheck = 0620;
				ORGANIZATIONNAME = "Intrepid Pursuits";
				TargetAttributes = {
					CD5946911AB36A2D00527F76 = {
						CreatedOnToolsVersion = 6.2;
					};
					CD5946AA1AB36A2D00527F76 = {
						CreatedOnToolsVersion = 6.2;
						TestTargetID = CD5946911AB36A2D00527F76;
					};
					CD5946BE1AB36F1300527F76 = {
						CreatedOnToolsVersion = 6.2;
					};
					CD5946CD1AB36F1300527F76 = {
						CreatedOnToolsVersion = 6.2;
					};
				};
			};
			buildConfigurationList = CD59468D1AB36A2D00527F76 /* Build configuration list for PBXProject "Worth" */;
			compatibilityVersion = "Xcode 3.2";
			developmentRegion = English;
			hasScannedForEncodings = 0;
			knownRegions = (
				en,
				Base,
			);
			mainGroup = CD5946891AB36A2D00527F76;
			productRefGroup = CD5946931AB36A2D00527F76 /* Products */;
			projectDirPath = "";
			projectRoot = "";
			targets = (
				CD5946911AB36A2D00527F76 /* Worth */,
				CD5946AA1AB36A2D00527F76 /* WorthTests */,
				CD5946BE1AB36F1300527F76 /* Worth WatchKit Extension */,
				CD5946CD1AB36F1300527F76 /* Worth WatchKit App */,
			);
		};
/* End PBXProject section */

/* Begin PBXResourcesBuildPhase section */
		CD5946901AB36A2D00527F76 /* Resources */ = {
			isa = PBXResourcesBuildPhase;
			buildActionMask = 2147483647;
			files = (
				CDB3F0CA1AB5F5A1002E0D31 /* DINRoundPro-Bold.otf in Resources */,
				CDB3F0C91AB5F5A1002E0D31 /* DINRoundPro-Black.otf in Resources */,
				CDB3F0E21AB614BF002E0D31 /* WorthUserView.xib in Resources */,
				CDBFBBDF1AFD088D00BF4C3E /* WorthUserHomeViewController.xib in Resources */,
				CD28711F1AB4EF67005CED9A /* WorthCompareUserTableViewCell.xib in Resources */,
				CDB3F0CD1AB5F5A1002E0D31 /* DINRoundPro.otf in Resources */,
				CD5946A61AB36A2D00527F76 /* LaunchScreen.xib in Resources */,
				CDBFBBDD1AFD07F800BF4C3E /* WorthRootTabBarViewController.xib in Resources */,
				CDC3D8A71B0F749900415A08 /* WorthCompareViewController.xib in Resources */,
				CDB3F0CC1AB5F5A1002E0D31 /* DINRoundPro-Medium.otf in Resources */,
				CDBFBBE41AFD0E6C00BF4C3E /* WorthHeaderView.xib in Resources */,
				CDB3F0CB1AB5F5A1002E0D31 /* DINRoundPro-Light.otf in Resources */,
				CD5946A31AB36A2D00527F76 /* Images.xcassets in Resources */,
				CD2871021AB4BECF005CED9A /* WorthMoneyTextView.xib in Resources */,
			);
			runOnlyForDeploymentPostprocessing = 0;
		};
		CD5946A91AB36A2D00527F76 /* Resources */ = {
			isa = PBXResourcesBuildPhase;
			buildActionMask = 2147483647;
			files = (
			);
			runOnlyForDeploymentPostprocessing = 0;
		};
		CD5946BD1AB36F1300527F76 /* Resources */ = {
			isa = PBXResourcesBuildPhase;
			buildActionMask = 2147483647;
			files = (
				CD5946CB1AB36F1300527F76 /* Images.xcassets in Resources */,
				CD5946CF1AB36F1300527F76 /* Worth WatchKit App.app in Resources */,
			);
			runOnlyForDeploymentPostprocessing = 0;
		};
		CD5946CC1AB36F1300527F76 /* Resources */ = {
			isa = PBXResourcesBuildPhase;
			buildActionMask = 2147483647;
			files = (
				CD5946D71AB36F1300527F76 /* Interface.storyboard in Resources */,
				CD5946D91AB36F1300527F76 /* Images.xcassets in Resources */,
			);
			runOnlyForDeploymentPostprocessing = 0;
		};
/* End PBXResourcesBuildPhase section */

/* Begin PBXShellScriptBuildPhase section */
		AAB30A8DA49BF6A3B9BBC61A /* Check Pods Manifest.lock */ = {
			isa = PBXShellScriptBuildPhase;
			buildActionMask = 2147483647;
			files = (
			);
			inputPaths = (
			);
			name = "Check Pods Manifest.lock";
			outputPaths = (
			);
			runOnlyForDeploymentPostprocessing = 0;
			shellPath = /bin/sh;
			shellScript = "diff \"${PODS_ROOT}/../Podfile.lock\" \"${PODS_ROOT}/Manifest.lock\" > /dev/null\nif [[ $? != 0 ]] ; then\n    cat << EOM\nerror: The sandbox is not in sync with the Podfile.lock. Run 'pod install' or update your CocoaPods installation.\nEOM\n    exit 1\nfi\n";
			showEnvVarsInLog = 0;
		};
		CEE7D233DA3D1EEB762A4A1D /* Copy Pods Resources */ = {
			isa = PBXShellScriptBuildPhase;
			buildActionMask = 2147483647;
			files = (
			);
			inputPaths = (
			);
			name = "Copy Pods Resources";
			outputPaths = (
			);
			runOnlyForDeploymentPostprocessing = 0;
			shellPath = /bin/sh;
			shellScript = "\"${SRCROOT}/Pods/Target Support Files/Pods-Worth/Pods-Worth-resources.sh\"\n";
			showEnvVarsInLog = 0;
		};
/* End PBXShellScriptBuildPhase section */

/* Begin PBXSourcesBuildPhase section */
		CD59468E1AB36A2D00527F76 /* Sources */ = {
			isa = PBXSourcesBuildPhase;
			buildActionMask = 2147483647;
			files = (
				CDB3F0E01AB614B1002E0D31 /* WorthUserView.m in Sources */,
				CDB3F1071AB662B5002E0D31 /* WorthFavoritesViewController.m in Sources */,
				CDB3F10A1AB6C1B9002E0D31 /* NSString+StripCurrencySymbols.m in Sources */,
				CDB3F1011AB635C3002E0D31 /* WorthUserManager.m in Sources */,
				CDB3F0D91AB60BEC002E0D31 /* WorthCompareViewController.m in Sources */,
				CDBFBBD81AFCFB9400BF4C3E /* WorthExpense.m in Sources */,
				CDB3F0F11AB626E6002E0D31 /* WorthUser.m in Sources */,
				CDBFBBE71AFD44CB00BF4C3E /* NSDate+Worth.m in Sources */,
				CDB3F0FC1AB62E06002E0D31 /* WorthObjectModel.m in Sources */,
				CD2871131AB4DFF8005CED9A /* UIColor+WorthStyle.m in Sources */,
				CDBFBBDC1AFD07F800BF4C3E /* WorthRootTabBarViewController.m in Sources */,
				CDB3F0F51AB6270E002E0D31 /* WorthUser+UserGenerated.m in Sources */,
				CD28711E1AB4EF67005CED9A /* WorthCompareUserTableViewCell.m in Sources */,
				CDBFBBE21AFD0E5D00BF4C3E /* WorthHeaderView.m in Sources */,
				CDB3F0D31AB6036F002E0D31 /* UIImage+WorthStyle.m in Sources */,
				CD2871161AB4E446005CED9A /* UIFont+WorthStyle.m in Sources */,
				CDB3F0E51AB61E5B002E0D31 /* NSString+TimeString.m in Sources */,
				CDB3F0D01AB60352002E0D31 /* WorthRoundAvatarImageView.m in Sources */,
				CDB3F0E81AB62696002E0D31 /* WorthObjectModel.xcdatamodeld in Sources */,
				CD59469B1AB36A2D00527F76 /* AppDelegate.m in Sources */,
				CD5946981AB36A2D00527F76 /* main.m in Sources */,
				CD2871001AB4BEC4005CED9A /* WorthMoneyTextView.m in Sources */,
				CD28710F1AB4D343005CED9A /* WorthUserHomeViewController.m in Sources */,
			);
			runOnlyForDeploymentPostprocessing = 0;
		};
		CD5946A71AB36A2D00527F76 /* Sources */ = {
			isa = PBXSourcesBuildPhase;
			buildActionMask = 2147483647;
			files = (
				CD5946B21AB36A2D00527F76 /* WorthTests.m in Sources */,
			);
			runOnlyForDeploymentPostprocessing = 0;
		};
		CD5946BB1AB36F1300527F76 /* Sources */ = {
			isa = PBXSourcesBuildPhase;
			buildActionMask = 2147483647;
			files = (
				CD5946C91AB36F1300527F76 /* NotificationController.m in Sources */,
				CD5946C61AB36F1300527F76 /* InterfaceController.m in Sources */,
				CD5946E61AB3786700527F76 /* TimerInterfaceController.m in Sources */,
			);
			runOnlyForDeploymentPostprocessing = 0;
		};
/* End PBXSourcesBuildPhase section */

/* Begin PBXTargetDependency section */
		CD5946AD1AB36A2D00527F76 /* PBXTargetDependency */ = {
			isa = PBXTargetDependency;
			target = CD5946911AB36A2D00527F76 /* Worth */;
			targetProxy = CD5946AC1AB36A2D00527F76 /* PBXContainerItemProxy */;
		};
		CD5946D11AB36F1300527F76 /* PBXTargetDependency */ = {
			isa = PBXTargetDependency;
			target = CD5946CD1AB36F1300527F76 /* Worth WatchKit App */;
			targetProxy = CD5946D01AB36F1300527F76 /* PBXContainerItemProxy */;
		};
		CD5946DB1AB36F1300527F76 /* PBXTargetDependency */ = {
			isa = PBXTargetDependency;
			target = CD5946BE1AB36F1300527F76 /* Worth WatchKit Extension */;
			targetProxy = CD5946DA1AB36F1300527F76 /* PBXContainerItemProxy */;
		};
/* End PBXTargetDependency section */

/* Begin PBXVariantGroup section */
		CD5946A41AB36A2D00527F76 /* LaunchScreen.xib */ = {
			isa = PBXVariantGroup;
			children = (
				CD5946A51AB36A2D00527F76 /* Base */,
			);
			name = LaunchScreen.xib;
			sourceTree = "<group>";
		};
		CD5946D51AB36F1300527F76 /* Interface.storyboard */ = {
			isa = PBXVariantGroup;
			children = (
				CD5946D61AB36F1300527F76 /* Base */,
			);
			name = Interface.storyboard;
			sourceTree = "<group>";
		};
/* End PBXVariantGroup section */

/* Begin XCBuildConfiguration section */
		CD5946B31AB36A2D00527F76 /* Debug */ = {
			isa = XCBuildConfiguration;
			buildSettings = {
				ALWAYS_SEARCH_USER_PATHS = NO;
				CLANG_CXX_LANGUAGE_STANDARD = "gnu++0x";
				CLANG_CXX_LIBRARY = "libc++";
				CLANG_ENABLE_MODULES = YES;
				CLANG_ENABLE_OBJC_ARC = YES;
				CLANG_WARN_BOOL_CONVERSION = YES;
				CLANG_WARN_CONSTANT_CONVERSION = YES;
				CLANG_WARN_DIRECT_OBJC_ISA_USAGE = YES_ERROR;
				CLANG_WARN_EMPTY_BODY = YES;
				CLANG_WARN_ENUM_CONVERSION = YES;
				CLANG_WARN_INT_CONVERSION = YES;
				CLANG_WARN_OBJC_ROOT_CLASS = YES_ERROR;
				CLANG_WARN_UNREACHABLE_CODE = YES;
				CLANG_WARN__DUPLICATE_METHOD_MATCH = YES;
				"CODE_SIGN_IDENTITY[sdk=iphoneos*]" = "iPhone Developer";
				COPY_PHASE_STRIP = NO;
				ENABLE_STRICT_OBJC_MSGSEND = YES;
				GCC_C_LANGUAGE_STANDARD = gnu99;
				GCC_DYNAMIC_NO_PIC = NO;
				GCC_OPTIMIZATION_LEVEL = 0;
				GCC_PREPROCESSOR_DEFINITIONS = (
					"DEBUG=1",
					"$(inherited)",
				);
				GCC_SYMBOLS_PRIVATE_EXTERN = NO;
				GCC_WARN_64_TO_32_BIT_CONVERSION = YES;
				GCC_WARN_ABOUT_RETURN_TYPE = YES_ERROR;
				GCC_WARN_UNDECLARED_SELECTOR = YES;
				GCC_WARN_UNINITIALIZED_AUTOS = YES_AGGRESSIVE;
				GCC_WARN_UNUSED_FUNCTION = YES;
				GCC_WARN_UNUSED_VARIABLE = YES;
				IPHONEOS_DEPLOYMENT_TARGET = 8.2;
				MTL_ENABLE_DEBUG_INFO = YES;
				ONLY_ACTIVE_ARCH = YES;
				SDKROOT = iphoneos;
			};
			name = Debug;
		};
		CD5946B41AB36A2D00527F76 /* Release */ = {
			isa = XCBuildConfiguration;
			buildSettings = {
				ALWAYS_SEARCH_USER_PATHS = NO;
				CLANG_CXX_LANGUAGE_STANDARD = "gnu++0x";
				CLANG_CXX_LIBRARY = "libc++";
				CLANG_ENABLE_MODULES = YES;
				CLANG_ENABLE_OBJC_ARC = YES;
				CLANG_WARN_BOOL_CONVERSION = YES;
				CLANG_WARN_CONSTANT_CONVERSION = YES;
				CLANG_WARN_DIRECT_OBJC_ISA_USAGE = YES_ERROR;
				CLANG_WARN_EMPTY_BODY = YES;
				CLANG_WARN_ENUM_CONVERSION = YES;
				CLANG_WARN_INT_CONVERSION = YES;
				CLANG_WARN_OBJC_ROOT_CLASS = YES_ERROR;
				CLANG_WARN_UNREACHABLE_CODE = YES;
				CLANG_WARN__DUPLICATE_METHOD_MATCH = YES;
				"CODE_SIGN_IDENTITY[sdk=iphoneos*]" = "iPhone Developer";
				COPY_PHASE_STRIP = NO;
				ENABLE_NS_ASSERTIONS = NO;
				ENABLE_STRICT_OBJC_MSGSEND = YES;
				GCC_C_LANGUAGE_STANDARD = gnu99;
				GCC_WARN_64_TO_32_BIT_CONVERSION = YES;
				GCC_WARN_ABOUT_RETURN_TYPE = YES_ERROR;
				GCC_WARN_UNDECLARED_SELECTOR = YES;
				GCC_WARN_UNINITIALIZED_AUTOS = YES_AGGRESSIVE;
				GCC_WARN_UNUSED_FUNCTION = YES;
				GCC_WARN_UNUSED_VARIABLE = YES;
				IPHONEOS_DEPLOYMENT_TARGET = 8.2;
				MTL_ENABLE_DEBUG_INFO = NO;
				SDKROOT = iphoneos;
				VALIDATE_PRODUCT = YES;
			};
			name = Release;
		};
		CD5946B61AB36A2D00527F76 /* Debug */ = {
			isa = XCBuildConfiguration;
			baseConfigurationReference = C02AABF700F6151354C5F98D /* Pods-Worth.debug.xcconfig */;
			buildSettings = {
				ASSETCATALOG_COMPILER_APPICON_NAME = AppIcon;
				INFOPLIST_FILE = Worth/Info.plist;
				LD_RUNPATH_SEARCH_PATHS = "$(inherited) @executable_path/Frameworks";
				PRODUCT_NAME = "$(TARGET_NAME)";
			};
			name = Debug;
		};
		CD5946B71AB36A2D00527F76 /* Release */ = {
			isa = XCBuildConfiguration;
			baseConfigurationReference = B8349B7B41B7F3C4BE63EFEF /* Pods-Worth.release.xcconfig */;
			buildSettings = {
				ASSETCATALOG_COMPILER_APPICON_NAME = AppIcon;
				INFOPLIST_FILE = Worth/Info.plist;
				LD_RUNPATH_SEARCH_PATHS = "$(inherited) @executable_path/Frameworks";
				PRODUCT_NAME = "$(TARGET_NAME)";
			};
			name = Release;
		};
		CD5946B91AB36A2D00527F76 /* Debug */ = {
			isa = XCBuildConfiguration;
			buildSettings = {
				BUNDLE_LOADER = "$(TEST_HOST)";
				FRAMEWORK_SEARCH_PATHS = (
					"$(SDKROOT)/Developer/Library/Frameworks",
					"$(inherited)",
				);
				GCC_PREPROCESSOR_DEFINITIONS = (
					"DEBUG=1",
					"$(inherited)",
				);
				INFOPLIST_FILE = WorthTests/Info.plist;
				LD_RUNPATH_SEARCH_PATHS = "$(inherited) @executable_path/Frameworks @loader_path/Frameworks";
				PRODUCT_NAME = "$(TARGET_NAME)";
				TEST_HOST = "$(BUILT_PRODUCTS_DIR)/Worth.app/Worth";
			};
			name = Debug;
		};
		CD5946BA1AB36A2D00527F76 /* Release */ = {
			isa = XCBuildConfiguration;
			buildSettings = {
				BUNDLE_LOADER = "$(TEST_HOST)";
				FRAMEWORK_SEARCH_PATHS = (
					"$(SDKROOT)/Developer/Library/Frameworks",
					"$(inherited)",
				);
				INFOPLIST_FILE = WorthTests/Info.plist;
				LD_RUNPATH_SEARCH_PATHS = "$(inherited) @executable_path/Frameworks @loader_path/Frameworks";
				PRODUCT_NAME = "$(TARGET_NAME)";
				TEST_HOST = "$(BUILT_PRODUCTS_DIR)/Worth.app/Worth";
			};
			name = Release;
		};
		CD5946DE1AB36F1300527F76 /* Debug */ = {
			isa = XCBuildConfiguration;
			buildSettings = {
				ASSETCATALOG_COMPILER_APPICON_NAME = AppIcon;
				GCC_PREPROCESSOR_DEFINITIONS = (
					"DEBUG=1",
					"$(inherited)",
				);
				IBSC_MODULE = Worth_WatchKit_Extension;
				INFOPLIST_FILE = "Worth WatchKit App/Info.plist";
				PRODUCT_NAME = "$(TARGET_NAME)";
				SKIP_INSTALL = YES;
				TARGETED_DEVICE_FAMILY = 4;
				"TARGETED_DEVICE_FAMILY[sdk=iphonesimulator*]" = "1,4";
			};
			name = Debug;
		};
		CD5946DF1AB36F1300527F76 /* Release */ = {
			isa = XCBuildConfiguration;
			buildSettings = {
				ASSETCATALOG_COMPILER_APPICON_NAME = AppIcon;
				IBSC_MODULE = Worth_WatchKit_Extension;
				INFOPLIST_FILE = "Worth WatchKit App/Info.plist";
				PRODUCT_NAME = "$(TARGET_NAME)";
				SKIP_INSTALL = YES;
				TARGETED_DEVICE_FAMILY = 4;
				"TARGETED_DEVICE_FAMILY[sdk=iphonesimulator*]" = "1,4";
			};
			name = Release;
		};
		CD5946E11AB36F1300527F76 /* Debug */ = {
			isa = XCBuildConfiguration;
			buildSettings = {
				GCC_PREPROCESSOR_DEFINITIONS = (
					"DEBUG=1",
					"$(inherited)",
				);
				INFOPLIST_FILE = "Worth WatchKit Extension/Info.plist";
				LD_RUNPATH_SEARCH_PATHS = "$(inherited) @executable_path/Frameworks @executable_path/../../Frameworks";
				PRODUCT_NAME = "${TARGET_NAME}";
				SKIP_INSTALL = YES;
			};
			name = Debug;
		};
		CD5946E21AB36F1300527F76 /* Release */ = {
			isa = XCBuildConfiguration;
			buildSettings = {
				INFOPLIST_FILE = "Worth WatchKit Extension/Info.plist";
				LD_RUNPATH_SEARCH_PATHS = "$(inherited) @executable_path/Frameworks @executable_path/../../Frameworks";
				PRODUCT_NAME = "${TARGET_NAME}";
				SKIP_INSTALL = YES;
			};
			name = Release;
		};
/* End XCBuildConfiguration section */

/* Begin XCConfigurationList section */
		CD59468D1AB36A2D00527F76 /* Build configuration list for PBXProject "Worth" */ = {
			isa = XCConfigurationList;
			buildConfigurations = (
				CD5946B31AB36A2D00527F76 /* Debug */,
				CD5946B41AB36A2D00527F76 /* Release */,
			);
			defaultConfigurationIsVisible = 0;
			defaultConfigurationName = Release;
		};
		CD5946B51AB36A2D00527F76 /* Build configuration list for PBXNativeTarget "Worth" */ = {
			isa = XCConfigurationList;
			buildConfigurations = (
				CD5946B61AB36A2D00527F76 /* Debug */,
				CD5946B71AB36A2D00527F76 /* Release */,
			);
			defaultConfigurationIsVisible = 0;
			defaultConfigurationName = Release;
		};
		CD5946B81AB36A2D00527F76 /* Build configuration list for PBXNativeTarget "WorthTests" */ = {
			isa = XCConfigurationList;
			buildConfigurations = (
				CD5946B91AB36A2D00527F76 /* Debug */,
				CD5946BA1AB36A2D00527F76 /* Release */,
			);
			defaultConfigurationIsVisible = 0;
			defaultConfigurationName = Release;
		};
		CD5946DD1AB36F1300527F76 /* Build configuration list for PBXNativeTarget "Worth WatchKit App" */ = {
			isa = XCConfigurationList;
			buildConfigurations = (
				CD5946DE1AB36F1300527F76 /* Debug */,
				CD5946DF1AB36F1300527F76 /* Release */,
			);
			defaultConfigurationIsVisible = 0;
			defaultConfigurationName = Release;
		};
		CD5946E01AB36F1300527F76 /* Build configuration list for PBXNativeTarget "Worth WatchKit Extension" */ = {
			isa = XCConfigurationList;
			buildConfigurations = (
				CD5946E11AB36F1300527F76 /* Debug */,
				CD5946E21AB36F1300527F76 /* Release */,
			);
			defaultConfigurationIsVisible = 0;
			defaultConfigurationName = Release;
		};
/* End XCConfigurationList section */

/* Begin XCVersionGroup section */
		CDB3F0E61AB62696002E0D31 /* WorthObjectModel.xcdatamodeld */ = {
			isa = XCVersionGroup;
			children = (
				CDB3F0E71AB62696002E0D31 /* WorthObjectModel.xcdatamodel */,
			);
			currentVersion = CDB3F0E71AB62696002E0D31 /* WorthObjectModel.xcdatamodel */;
			path = WorthObjectModel.xcdatamodeld;
			sourceTree = "<group>";
			versionGroupType = wrapper.xcdatamodel;
		};
/* End XCVersionGroup section */
	};
	rootObject = CD59468A1AB36A2D00527F76 /* Project object */;
}
